
Microsoft Visual Studio Solution File, Format Version 12.00
# Visual Studio Version 16
VisualStudioVersion = 16.0.29215.179
MinimumVisualStudioVersion = 10.0.40219.1
Project("{FAE04EC0-301F-11D3-BF4B-00C04F79EFBC}") = "DesignPatterns", "DesignPatterns\DesignPatterns.csproj", "{072B533A-9992-476D-974D-7BE6FFEE1DA8}"
EndProject
Project("{9A19103F-16F7-4668-BE54-9A1E7A4F7556}") = "StrategyPattern", "StrategyPattern\StrategyPattern.csproj", "{38AC7F69-60A1-4989-B773-CFFD1FF30485}"
EndProject
Project("{FAE04EC0-301F-11D3-BF4B-00C04F79EFBC}") = "ObserverPattern", "ObserverPattern\ObserverPattern.csproj", "{9FDB55DB-848F-461D-8874-6A369AF658CB}"
EndProject
Global
	GlobalSection(SolutionConfigurationPlatforms) = preSolution
		Debug|Any CPU = Debug|Any CPU
		Release|Any CPU = Release|Any CPU
	EndGlobalSection
	GlobalSection(ProjectConfigurationPlatforms) = postSolution
		{072B533A-9992-476D-974D-7BE6FFEE1DA8}.Debug|Any CPU.ActiveCfg = Debug|Any CPU
		{072B533A-9992-476D-974D-7BE6FFEE1DA8}.Debug|Any CPU.Build.0 = Debug|Any CPU
		{072B533A-9992-476D-974D-7BE6FFEE1DA8}.Release|Any CPU.ActiveCfg = Release|Any CPU
		{072B533A-9992-476D-974D-7BE6FFEE1DA8}.Release|Any CPU.Build.0 = Release|Any CPU
		{38AC7F69-60A1-4989-B773-CFFD1FF30485}.Debug|Any CPU.ActiveCfg = Debug|Any CPU
		{38AC7F69-60A1-4989-B773-CFFD1FF30485}.Debug|Any CPU.Build.0 = Debug|Any CPU
		{38AC7F69-60A1-4989-B773-CFFD1FF30485}.Release|Any CPU.ActiveCfg = Release|Any CPU
		{38AC7F69-60A1-4989-B773-CFFD1FF30485}.Release|Any CPU.Build.0 = Release|Any CPU
		{9FDB55DB-848F-461D-8874-6A369AF658CB}.Debug|Any CPU.ActiveCfg = Debug|Any CPU
		{9FDB55DB-848F-461D-8874-6A369AF658CB}.Debug|Any CPU.Build.0 = Debug|Any CPU
		{9FDB55DB-848F-461D-8874-6A369AF658CB}.Release|Any CPU.ActiveCfg = Release|Any CPU
		{9FDB55DB-848F-461D-8874-6A369AF658CB}.Release|Any CPU.Build.0 = Release|Any CPU
	EndGlobalSection
	GlobalSection(SolutionProperties) = preSolution
		HideSolutionNode = FALSE
	EndGlobalSection
	GlobalSection(ExtensibilityGlobals) = postSolution
		SolutionGuid = {45B85BF0-ADEC-4F99-B6E0-666620EB7DFA}
	EndGlobalSection
EndGlobal
